
Microsoft Visual Studio Solution File, Format Version 12.00
# Visual Studio 15
VisualStudioVersion = 15.0.28307.489
MinimumVisualStudioVersion = 10.0.40219.1
Project("{9A19103F-16F7-4668-BE54-9A1E7A4F7556}") = "MonteOlimpo.BR.NameVerify", "MonteOlimpo.BR.NameVerify\MonteOlimpo.BR.NameVerify.csproj", "{034A2A7A-496B-400B-B263-E76D1246B830}"
EndProject
Project("{FAE04EC0-301F-11D3-BF4B-00C04F79EFBC}") = "MonteOlimpo.BR.NameVerify.Console", "MonteOlimpo.BR.NameVerify.Console\MonteOlimpo.BR.NameVerify.Console.csproj", "{80F0DC02-17F3-4529-9F51-80BC88598313}"
EndProject
Global
	GlobalSection(SolutionConfigurationPlatforms) = preSolution
		Debug|Any CPU = Debug|Any CPU
		Release|Any CPU = Release|Any CPU
	EndGlobalSection
	GlobalSection(ProjectConfigurationPlatforms) = postSolution
		{034A2A7A-496B-400B-B263-E76D1246B830}.Debug|Any CPU.ActiveCfg = Debug|Any CPU
		{034A2A7A-496B-400B-B263-E76D1246B830}.Debug|Any CPU.Build.0 = Debug|Any CPU
		{034A2A7A-496B-400B-B263-E76D1246B830}.Release|Any CPU.ActiveCfg = Release|Any CPU
		{034A2A7A-496B-400B-B263-E76D1246B830}.Release|Any CPU.Build.0 = Release|Any CPU
		{80F0DC02-17F3-4529-9F51-80BC88598313}.Debug|Any CPU.ActiveCfg = Debug|Any CPU
		{80F0DC02-17F3-4529-9F51-80BC88598313}.Debug|Any CPU.Build.0 = Debug|Any CPU
		{80F0DC02-17F3-4529-9F51-80BC88598313}.Release|Any CPU.ActiveCfg = Release|Any CPU
		{80F0DC02-17F3-4529-9F51-80BC88598313}.Release|Any CPU.Build.0 = Release|Any CPU
	EndGlobalSection
	GlobalSection(SolutionProperties) = preSolution
		HideSolutionNode = FALSE
	EndGlobalSection
	GlobalSection(ExtensibilityGlobals) = postSolution
		SolutionGuid = {C0BAEA01-F616-471B-B34A-F86B521E421F}
	EndGlobalSection
EndGlobal
